{
  "nodes": {
    "darwin": {
      "inputs": {
        "nixpkgs": [
          "nixpkgs-unstable"
        ]
      },
      "locked": {
        "lastModified": 1703415240,
        "narHash": "sha256-SgsAYwDo2wWHUdZeNKKRRT402sRzQ/rLmzxH/wqMUPw=",
        "owner": "lnl7",
        "repo": "nix-darwin",
        "rev": "f454cff5fe84adca9e8aa8d546d2c9879b789950",
        "type": "github"
      },
      "original": {
        "owner": "lnl7",
        "ref": "master",
        "repo": "nix-darwin",
        "type": "github"
      }
    },
    "home-manager": {
      "inputs": {
        "nixpkgs": [
          "nixpkgs-unstable"
        ]
      },
      "locked": {
        "lastModified": 1703413401,
        "narHash": "sha256-pc3SzlsRDe5KW3SqOntNH17Z+/czlln0j2Je2jjeBSg=",
        "owner": "nix-community",
        "repo": "home-manager",
        "rev": "16fcb9674a71220313f91446e0c259bce5c20f0f",
        "type": "github"
      },
      "original": {
        "owner": "nix-community",
        "repo": "home-manager",
        "type": "github"
      }
    },
    "nixpkgs": {
      "locked": {
        "lastModified": 1703510121,
        "narHash": "sha256-gWiujEwhZx7Q2t40+j6msHxAqw901z+F3zGwHW3bE2U=",
        "owner": "NixOS",
        "repo": "nixpkgs",
        "rev": "17e46fc88d58f7e75d3537b6854484df67ad75e5",
        "type": "github"
      },
      "original": {
        "owner": "NixOS",
        "repo": "nixpkgs",
        "type": "github"
      }
    },
    "nixpkgs-unstable": {
      "locked": {
        "lastModified": 1703134684,
        "narHash": "sha256-SQmng1EnBFLzS7WSRyPM9HgmZP2kLJcPAz+Ug/nug6o=",
        "owner": "NixOS",
        "repo": "nixpkgs",
        "rev": "d6863cbcbbb80e71cecfc03356db1cda38919523",
        "type": "github"
      },
      "original": {
        "owner": "NixOS",
        "ref": "nixpkgs-unstable",
        "repo": "nixpkgs",
        "type": "github"
      }
    },
    "root": {
      "inputs": {
        "darwin": "darwin",
        "home-manager": "home-manager",
        "nixpkgs": "nixpkgs",
        "nixpkgs-unstable": "nixpkgs-unstable"
      }
    }
  },
  "root": "root",
  "version": 7
}
